# THIS IS AN AUTOGENERATED FILE. DO NOT EDIT THIS FILE DIRECTLY.
# yarn lockfile v1


angular@~1.4:
  version "1.4.14"
  resolved "https://registry.yarnpkg.com/angular/-/angular-1.4.14.tgz#9d0feaf60ce6e52ce50f49ee328656d1e1875c37"

webpack-angular-example@../:
  version "1.0.0"
  dependencies:
    angular "~1.4"
